
Microsoft Visual Studio Solution File, Format Version 12.00
Project("{FAE04EC0-301F-11D3-BF4B-00C04F79EFBC}") = "RazorPagesProject", "src\RazorPagesProject\RazorPagesProject.csproj", "{88A5BD4F-F985-46AD-B324-F2B16113469B}"
EndProject
Project("{FAE04EC0-301F-11D3-BF4B-00C04F79EFBC}") = "RazorPagesProject.Tests", "tests\RazorPagesProject.Tests\RazorPagesProject.Tests.csproj", "{67709FDF-52F7-40A3-8450-5E9C471A7A4D}"
EndProject
Global
	GlobalSection(SolutionConfigurationPlatforms) = preSolution
		Debug|Any CPU = Debug|Any CPU
		Release|Any CPU = Release|Any CPU
	EndGlobalSection
	GlobalSection(ProjectConfigurationPlatforms) = postSolution
		{88A5BD4F-F985-46AD-B324-F2B16113469B}.Debug|Any CPU.ActiveCfg = Debug|Any CPU
		{88A5BD4F-F985-46AD-B324-F2B16113469B}.Debug|Any CPU.Build.0 = Debug|Any CPU
		{88A5BD4F-F985-46AD-B324-F2B16113469B}.Release|Any CPU.ActiveCfg = Release|Any CPU
		{88A5BD4F-F985-46AD-B324-F2B16113469B}.Release|Any CPU.Build.0 = Release|Any CPU
		{67709FDF-52F7-40A3-8450-5E9C471A7A4D}.Debug|Any CPU.ActiveCfg = Debug|Any CPU
		{67709FDF-52F7-40A3-8450-5E9C471A7A4D}.Debug|Any CPU.Build.0 = Debug|Any CPU
		{67709FDF-52F7-40A3-8450-5E9C471A7A4D}.Release|Any CPU.ActiveCfg = Release|Any CPU
		{67709FDF-52F7-40A3-8450-5E9C471A7A4D}.Release|Any CPU.Build.0 = Release|Any CPU
	EndGlobalSection
EndGlobal
